// !$*UTF8*$!
{
	archiveVersion = 1;
	classes = {
	};
	objectVersion = 50;
	objects = {

/* Begin PBXBuildFile section */
		3E7CEE80657BF295B1C52296 /* Pods_RxWeather.framework in Frameworks */ = {isa = PBXBuildFile; fileRef = F4446FD470E4DC7D47907AA4 /* Pods_RxWeather.framework */; };
		AD68D44B22D7CC1C00282B7A /* URLRequest+Extensions.swift in Sources */ = {isa = PBXBuildFile; fileRef = AD68D44A22D7CC1C00282B7A /* URLRequest+Extensions.swift */; };
		ADA22C3222D7C5D300179C1E /* AppDelegate.swift in Sources */ = {isa = PBXBuildFile; fileRef = ADA22C3122D7C5D300179C1E /* AppDelegate.swift */; };
		ADA22C3722D7C5D300179C1E /* Main.storyboard in Resources */ = {isa = PBXBuildFile; fileRef = ADA22C3522D7C5D300179C1E /* Main.storyboard */; };
		ADA22C3922D7C5D600179C1E /* Assets.xcassets in Resources */ = {isa = PBXBuildFile; fileRef = ADA22C3822D7C5D600179C1E /* Assets.xcassets */; };
		ADA22C3C22D7C5D600179C1E /* LaunchScreen.storyboard in Resources */ = {isa = PBXBuildFile; fileRef = ADA22C3A22D7C5D600179C1E /* LaunchScreen.storyboard */; };
		ADA22C4622D7C63300179C1E /* WeatherController.swift in Sources */ = {isa = PBXBuildFile; fileRef = ADA22C4522D7C63300179C1E /* WeatherController.swift */; };
		ADA22C4922D7C99800179C1E /* WeatherResult.swift in Sources */ = {isa = PBXBuildFile; fileRef = ADA22C4822D7C99800179C1E /* WeatherResult.swift */; };
/* End PBXBuildFile section */

/* Begin PBXFileReference section */
		74B11699FF3002F6F42A48D0 /* Pods-RxWeather.release.xcconfig */ = {isa = PBXFileReference; includeInIndex = 1; lastKnownFileType = text.xcconfig; name = "Pods-RxWeather.release.xcconfig"; path = "Pods/Target Support Files/Pods-RxWeather/Pods-RxWeather.release.xcconfig"; sourceTree = "<group>"; };
		AD68D44A22D7CC1C00282B7A /* URLRequest+Extensions.swift */ = {isa = PBXFileReference; lastKnownFileType = sourcecode.swift; path = "URLRequest+Extensions.swift"; sourceTree = "<group>"; };
		ADA22C2E22D7C5D300179C1E /* RxWeather.app */ = {isa = PBXFileReference; explicitFileType = wrapper.application; includeInIndex = 0; path = RxWeather.app; sourceTree = BUILT_PRODUCTS_DIR; };
		ADA22C3122D7C5D300179C1E /* AppDelegate.swift */ = {isa = PBXFileReference; lastKnownFileType = sourcecode.swift; path = AppDelegate.swift; sourceTree = "<group>"; };
		ADA22C3622D7C5D300179C1E /* Base */ = {isa = PBXFileReference; lastKnownFileType = file.storyboard; name = Base; path = Base.lproj/Main.storyboard; sourceTree = "<group>"; };
		ADA22C3822D7C5D600179C1E /* Assets.xcassets */ = {isa = PBXFileReference; lastKnownFileType = folder.assetcatalog; path = Assets.xcassets; sourceTree = "<group>"; };
		ADA22C3B22D7C5D600179C1E /* Base */ = {isa = PBXFileReference; lastKnownFileType = file.storyboard; name = Base; path = Base.lproj/LaunchScreen.storyboard; sourceTree = "<group>"; };
		ADA22C3D22D7C5D600179C1E /* Info.plist */ = {isa = PBXFileReference; lastKnownFileType = text.plist.xml; path = Info.plist; sourceTree = "<group>"; };
		ADA22C4522D7C63300179C1E /* WeatherController.swift */ = {isa = PBXFileReference; lastKnownFileType = sourcecode.swift; path = WeatherController.swift; sourceTree = "<group>"; };
		ADA22C4822D7C99800179C1E /* WeatherResult.swift */ = {isa = PBXFileReference; lastKnownFileType = sourcecode.swift; path = WeatherResult.swift; sourceTree = "<group>"; };
		F4446FD470E4DC7D47907AA4 /* Pods_RxWeather.framework */ = {isa = PBXFileReference; explicitFileType = wrapper.framework; includeInIndex = 0; path = Pods_RxWeather.framework; sourceTree = BUILT_PRODUCTS_DIR; };
		F5DEE21B27F1AB324D0CCC7E /* Pods-RxWeather.debug.xcconfig */ = {isa = PBXFileReference; includeInIndex = 1; lastKnownFileType = text.xcconfig; name = "Pods-RxWeather.debug.xcconfig"; path = "Pods/Target Support Files/Pods-RxWeather/Pods-RxWeather.debug.xcconfig"; sourceTree = "<group>"; };
/* End PBXFileReference section */

/* Begin PBXFrameworksBuildPhase section */
		ADA22C2B22D7C5D300179C1E /* Frameworks */ = {
			isa = PBXFrameworksBuildPhase;
			buildActionMask = 2147483647;
			files = (
				3E7CEE80657BF295B1C52296 /* Pods_RxWeather.framework in Frameworks */,
			);
			runOnlyForDeploymentPostprocessing = 0;
		};
/* End PBXFrameworksBuildPhase section */

/* Begin PBXGroup section */
		6ACA5EBFD857CDBE7B54F065 /* Pods */ = {
			isa = PBXGroup;
			children = (
				F5DEE21B27F1AB324D0CCC7E /* Pods-RxWeather.debug.xcconfig */,
				74B11699FF3002F6F42A48D0 /* Pods-RxWeather.release.xcconfig */,
			);
			name = Pods;
			sourceTree = "<group>";
		};
		AD68D44922D7CBF400282B7A /* extensions */ = {
			isa = PBXGroup;
			children = (
				AD68D44A22D7CC1C00282B7A /* URLRequest+Extensions.swift */,
			);
			path = extensions;
			sourceTree = "<group>";
		};
		ADA22C2522D7C5D300179C1E = {
			isa = PBXGroup;
			children = (
				ADA22C3022D7C5D300179C1E /* RxWeather */,
				ADA22C2F22D7C5D300179C1E /* Products */,
				6ACA5EBFD857CDBE7B54F065 /* Pods */,
				E20672717B2859364982496B /* Frameworks */,
			);
			sourceTree = "<group>";
		};
		ADA22C2F22D7C5D300179C1E /* Products */ = {
			isa = PBXGroup;
			children = (
				ADA22C2E22D7C5D300179C1E /* RxWeather.app */,
			);
			name = Products;
			sourceTree = "<group>";
		};
		ADA22C3022D7C5D300179C1E /* RxWeather */ = {
			isa = PBXGroup;
			children = (
				AD68D44922D7CBF400282B7A /* extensions */,
				ADA22C3122D7C5D300179C1E /* AppDelegate.swift */,
				ADA22C4522D7C63300179C1E /* WeatherController.swift */,
				ADA22C4722D7C96D00179C1E /* Model */,
				ADA22C4322D7C5F500179C1E /* storyboard */,
				ADA22C4422D7C60300179C1E /* Supporting Files */,
			);
			path = RxWeather;
			sourceTree = "<group>";
		};
		ADA22C4322D7C5F500179C1E /* storyboard */ = {
			isa = PBXGroup;
			children = (
				ADA22C3522D7C5D300179C1E /* Main.storyboard */,
				ADA22C3A22D7C5D600179C1E /* LaunchScreen.storyboard */,
			);
			path = storyboard;
			sourceTree = "<group>";
		};
		ADA22C4422D7C60300179C1E /* Supporting Files */ = {
			isa = PBXGroup;
			children = (
				ADA22C3822D7C5D600179C1E /* Assets.xcassets */,
				ADA22C3D22D7C5D600179C1E /* Info.plist */,
			);
			path = "Supporting Files";
			sourceTree = "<group>";
		};
		ADA22C4722D7C96D00179C1E /* Model */ = {
			isa = PBXGroup;
			children = (
				ADA22C4822D7C99800179C1E /* WeatherResult.swift */,
			);
			path = Model;
			sourceTree = "<group>";
		};
		E20672717B2859364982496B /* Frameworks */ = {
			isa = PBXGroup;
			children = (
				F4446FD470E4DC7D47907AA4 /* Pods_RxWeather.framework */,
			);
			name = Frameworks;
			sourceTree = "<group>";
		};
/* End PBXGroup section */

/* Begin PBXNativeTarget section */
		ADA22C2D22D7C5D300179C1E /* RxWeather */ = {
			isa = PBXNativeTarget;
			buildConfigurationList = ADA22C4022D7C5D600179C1E /* Build configuration list for PBXNativeTarget "RxWeather" */;
			buildPhases = (
				BE542B6C5BB10412C1560B9A /* [CP] Check Pods Manifest.lock */,
				ADA22C2A22D7C5D300179C1E /* Sources */,
				ADA22C2B22D7C5D300179C1E /* Frameworks */,
				ADA22C2C22D7C5D300179C1E /* Resources */,
				5A6C181728A36EF92540E108 /* [CP] Embed Pods Frameworks */,
			);
			buildRules = (
			);
			dependencies = (
			);
			name = RxWeather;
			productName = RxWeather;
			productReference = ADA22C2E22D7C5D300179C1E /* RxWeather.app */;
			productType = "com.apple.product-type.application";
		};
/* End PBXNativeTarget section */

/* Begin PBXProject section */
		ADA22C2622D7C5D300179C1E /* Project object */ = {
			isa = PBXProject;
			attributes = {
				LastSwiftUpdateCheck = 1010;
				LastUpgradeCheck = 1010;
				ORGANIZATIONNAME = "Jason Sanchez";
				TargetAttributes = {
					ADA22C2D22D7C5D300179C1E = {
						CreatedOnToolsVersion = 10.1;
					};
				};
			};
			buildConfigurationList = ADA22C2922D7C5D300179C1E /* Build configuration list for PBXProject "RxWeather" */;
			compatibilityVersion = "Xcode 9.3";
			developmentRegion = en;
			hasScannedForEncodings = 0;
			knownRegions = (
				en,
				Base,
			);
			mainGroup = ADA22C2522D7C5D300179C1E;
			productRefGroup = ADA22C2F22D7C5D300179C1E /* Products */;
			projectDirPath = "";
			projectRoot = "";
			targets = (
				ADA22C2D22D7C5D300179C1E /* RxWeather */,
			);
		};
/* End PBXProject section */

/* Begin PBXResourcesBuildPhase section */
		ADA22C2C22D7C5D300179C1E /* Resources */ = {
			isa = PBXResourcesBuildPhase;
			buildActionMask = 2147483647;
			files = (
				ADA22C3C22D7C5D600179C1E /* LaunchScreen.storyboard in Resources */,
				ADA22C3922D7C5D600179C1E /* Assets.xcassets in Resources */,
				ADA22C3722D7C5D300179C1E /* Main.storyboard in Resources */,
			);
			runOnlyForDeploymentPostprocessing = 0;
		};
/* End PBXResourcesBuildPhase section */

/* Begin PBXShellScriptBuildPhase section */
		5A6C181728A36EF92540E108 /* [CP] Embed Pods Frameworks */ = {
			isa = PBXShellScriptBuildPhase;
			buildActionMask = 2147483647;
			files = (
			);
			inputPaths = (
				"${SRCROOT}/Pods/Target Support Files/Pods-RxWeather/Pods-RxWeather-frameworks.sh",
				"${BUILT_PRODUCTS_DIR}/RxCocoa/RxCocoa.framework",
				"${BUILT_PRODUCTS_DIR}/RxSwift/RxSwift.framework",
			);
			name = "[CP] Embed Pods Frameworks";
			outputPaths = (
				"${TARGET_BUILD_DIR}/${FRAMEWORKS_FOLDER_PATH}/RxCocoa.framework",
				"${TARGET_BUILD_DIR}/${FRAMEWORKS_FOLDER_PATH}/RxSwift.framework",
			);
			runOnlyForDeploymentPostprocessing = 0;
			shellPath = /bin/sh;
			shellScript = "\"${SRCROOT}/Pods/Target Support Files/Pods-RxWeather/Pods-RxWeather-frameworks.sh\"\n";
			showEnvVarsInLog = 0;
		};
		BE542B6C5BB10412C1560B9A /* [CP] Check Pods Manifest.lock */ = {
			isa = PBXShellScriptBuildPhase;
			buildActionMask = 2147483647;
			files = (
			);
			inputPaths = (
				"${PODS_PODFILE_DIR_PATH}/Podfile.lock",
				"${PODS_ROOT}/Manifest.lock",
			);
			name = "[CP] Check Pods Manifest.lock";
			outputPaths = (
				"$(DERIVED_FILE_DIR)/Pods-RxWeather-checkManifestLockResult.txt",
			);
			runOnlyForDeploymentPostprocessing = 0;
			shellPath = /bin/sh;
			shellScript = "diff \"${PODS_PODFILE_DIR_PATH}/Podfile.lock\" \"${PODS_ROOT}/Manifest.lock\" > /dev/null\nif [ $? != 0 ] ; then\n    # print error to STDERR\n    echo \"error: The sandbox is not in sync with the Podfile.lock. Run 'pod install' or update your CocoaPods installation.\" >&2\n    exit 1\nfi\n# This output is used by Xcode 'outputs' to avoid re-running this script phase.\necho \"SUCCESS\" > \"${SCRIPT_OUTPUT_FILE_0}\"\n";
			showEnvVarsInLog = 0;
		};
/* End PBXShellScriptBuildPhase section */

/* Begin PBXSourcesBuildPhase section */
		ADA22C2A22D7C5D300179C1E /* Sources */ = {
			isa = PBXSourcesBuildPhase;
			buildActionMask = 2147483647;
			files = (
				ADA22C4922D7C99800179C1E /* WeatherResult.swift in Sources */,
				AD68D44B22D7CC1C00282B7A /* URLRequest+Extensions.swift in Sources */,
				ADA22C4622D7C63300179C1E /* WeatherController.swift in Sources */,
				ADA22C3222D7C5D300179C1E /* AppDelegate.swift in Sources */,
			);
			runOnlyForDeploymentPostprocessing = 0;
		};
/* End PBXSourcesBuildPhase section */

/* Begin PBXVariantGroup section */
		ADA22C3522D7C5D300179C1E /* Main.storyboard */ = {
			isa = PBXVariantGroup;
			children = (
				ADA22C3622D7C5D300179C1E /* Base */,
			);
			name = Main.storyboard;
			sourceTree = "<group>";
		};
		ADA22C3A22D7C5D600179C1E /* LaunchScreen.storyboard */ = {
			isa = PBXVariantGroup;
			children = (
				ADA22C3B22D7C5D600179C1E /* Base */,
			);
			name = LaunchScreen.storyboard;
			sourceTree = "<group>";
		};
/* End PBXVariantGroup section */

/* Begin XCBuildConfiguration section */
		ADA22C3E22D7C5D600179C1E /* Debug */ = {
			isa = XCBuildConfiguration;
			buildSettings = {
				ALWAYS_SEARCH_USER_PATHS = NO;
				CLANG_ANALYZER_NONNULL = YES;
				CLANG_ANALYZER_NUMBER_OBJECT_CONVERSION = YES_AGGRESSIVE;
				CLANG_CXX_LANGUAGE_STANDARD = "gnu++14";
				CLANG_CXX_LIBRARY = "libc++";
				CLANG_ENABLE_MODULES = YES;
				CLANG_ENABLE_OBJC_ARC = YES;
				CLANG_ENABLE_OBJC_WEAK = YES;
				CLANG_WARN_BLOCK_CAPTURE_AUTORELEASING = YES;
				CLANG_WARN_BOOL_CONVERSION = YES;
				CLANG_WARN_COMMA = YES;
				CLANG_WARN_CONSTANT_CONVERSION = YES;
				CLANG_WARN_DEPRECATED_OBJC_IMPLEMENTATIONS = YES;
				CLANG_WARN_DIRECT_OBJC_ISA_USAGE = YES_ERROR;
				CLANG_WARN_DOCUMENTATION_COMMENTS = YES;
				CLANG_WARN_EMPTY_BODY = YES;
				CLANG_WARN_ENUM_CONVERSION = YES;
				CLANG_WARN_INFINITE_RECURSION = YES;
				CLANG_WARN_INT_CONVERSION = YES;
				CLANG_WARN_NON_LITERAL_NULL_CONVERSION = YES;
				CLANG_WARN_OBJC_IMPLICIT_RETAIN_SELF = YES;
				CLANG_WARN_OBJC_LITERAL_CONVERSION = YES;
				CLANG_WARN_OBJC_ROOT_CLASS = YES_ERROR;
				CLANG_WARN_RANGE_LOOP_ANALYSIS = YES;
				CLANG_WARN_STRICT_PROTOTYPES = YES;
				CLANG_WARN_SUSPICIOUS_MOVE = YES;
				CLANG_WARN_UNGUARDED_AVAILABILITY = YES_AGGRESSIVE;
				CLANG_WARN_UNREACHABLE_CODE = YES;
				CLANG_WARN__DUPLICATE_METHOD_MATCH = YES;
				CODE_SIGN_IDENTITY = "iPhone Developer";
				COPY_PHASE_STRIP = NO;
				DEBUG_INFORMATION_FORMAT = dwarf;
				ENABLE_STRICT_OBJC_MSGSEND = YES;
				ENABLE_TESTABILITY = YES;
				GCC_C_LANGUAGE_STANDARD = gnu11;
				GCC_DYNAMIC_NO_PIC = NO;
				GCC_NO_COMMON_BLOCKS = YES;
				GCC_OPTIMIZATION_LEVEL = 0;
				GCC_PREPROCESSOR_DEFINITIONS = (
					"DEBUG=1",
					"$(inherited)",
				);
				GCC_WARN_64_TO_32_BIT_CONVERSION = YES;
				GCC_WARN_ABOUT_RETURN_TYPE = YES_ERROR;
				GCC_WARN_UNDECLARED_SELECTOR = YES;
				GCC_WARN_UNINITIALIZED_AUTOS = YES_AGGRESSIVE;
				GCC_WARN_UNUSED_FUNCTION = YES;
				GCC_WARN_UNUSED_VARIABLE = YES;
				IPHONEOS_DEPLOYMENT_TARGET = 12.1;
				MTL_ENABLE_DEBUG_INFO = INCLUDE_SOURCE;
				MTL_FAST_MATH = YES;
				ONLY_ACTIVE_ARCH = YES;
				SDKROOT = iphoneos;
				SWIFT_ACTIVE_COMPILATION_CONDITIONS = DEBUG;
				SWIFT_OPTIMIZATION_LEVEL = "-Onone";
			};
			name = Debug;
		};
		ADA22C3F22D7C5D600179C1E /* Release */ = {
			isa = XCBuildConfiguration;
			buildSettings = {
				ALWAYS_SEARCH_USER_PATHS = NO;
				CLANG_ANALYZER_NONNULL = YES;
				CLANG_ANALYZER_NUMBER_OBJECT_CONVERSION = YES_AGGRESSIVE;
				CLANG_CXX_LANGUAGE_STANDARD = "gnu++14";
				CLANG_CXX_LIBRARY = "libc++";
				CLANG_ENABLE_MODULES = YES;
				CLANG_ENABLE_OBJC_ARC = YES;
				CLANG_ENABLE_OBJC_WEAK = YES;
				CLANG_WARN_BLOCK_CAPTURE_AUTORELEASING = YES;
				CLANG_WARN_BOOL_CONVERSION = YES;
				CLANG_WARN_COMMA = YES;
				CLANG_WARN_CONSTANT_CONVERSION = YES;
				CLANG_WARN_DEPRECATED_OBJC_IMPLEMENTATIONS = YES;
				CLANG_WARN_DIRECT_OBJC_ISA_USAGE = YES_ERROR;
				CLANG_WARN_DOCUMENTATION_COMMENTS = YES;
				CLANG_WARN_EMPTY_BODY = YES;
				CLANG_WARN_ENUM_CONVERSION = YES;
				CLANG_WARN_INFINITE_RECURSION = YES;
				CLANG_WARN_INT_CONVERSION = YES;
				CLANG_WARN_NON_LITERAL_NULL_CONVERSION = YES;
				CLANG_WARN_OBJC_IMPLICIT_RETAIN_SELF = YES;
				CLANG_WARN_OBJC_LITERAL_CONVERSION = YES;
				CLANG_WARN_OBJC_ROOT_CLASS = YES_ERROR;
				CLANG_WARN_RANGE_LOOP_ANALYSIS = YES;
				CLANG_WARN_STRICT_PROTOTYPES = YES;
				CLANG_WARN_SUSPICIOUS_MOVE = YES;
				CLANG_WARN_UNGUARDED_AVAILABILITY = YES_AGGRESSIVE;
				CLANG_WARN_UNREACHABLE_CODE = YES;
				CLANG_WARN__DUPLICATE_METHOD_MATCH = YES;
				CODE_SIGN_IDENTITY = "iPhone Developer";
				COPY_PHASE_STRIP = NO;
				DEBUG_INFORMATION_FORMAT = "dwarf-with-dsym";
				ENABLE_NS_ASSERTIONS = NO;
				ENABLE_STRICT_OBJC_MSGSEND = YES;
				GCC_C_LANGUAGE_STANDARD = gnu11;
				GCC_NO_COMMON_BLOCKS = YES;
				GCC_WARN_64_TO_32_BIT_CONVERSION = YES;
				GCC_WARN_ABOUT_RETURN_TYPE = YES_ERROR;
				GCC_WARN_UNDECLARED_SELECTOR = YES;
				GCC_WARN_UNINITIALIZED_AUTOS = YES_AGGRESSIVE;
				GCC_WARN_UNUSED_FUNCTION = YES;
				GCC_WARN_UNUSED_VARIABLE = YES;
				IPHONEOS_DEPLOYMENT_TARGET = 12.1;
				MTL_ENABLE_DEBUG_INFO = NO;
				MTL_FAST_MATH = YES;
				SDKROOT = iphoneos;
				SWIFT_COMPILATION_MODE = wholemodule;
				SWIFT_OPTIMIZATION_LEVEL = "-O";
				VALIDATE_PRODUCT = YES;
			};
			name = Release;
		};
		ADA22C4122D7C5D600179C1E /* Debug */ = {
			isa = XCBuildConfiguration;
			baseConfigurationReference = F5DEE21B27F1AB324D0CCC7E /* Pods-RxWeather.debug.xcconfig */;
			buildSettings = {
				ASSETCATALOG_COMPILER_APPICON_NAME = AppIcon;
				CODE_SIGN_STYLE = Automatic;
				DEVELOPMENT_TEAM = 6D9CKTK39V;
				INFOPLIST_FILE = "$(SRCROOT)/RxWeather/Supporting Files/Info.plist";
				LD_RUNPATH_SEARCH_PATHS = (
					"$(inherited)",
					"@executable_path/Frameworks",
				);
				PRODUCT_BUNDLE_IDENTIFIER = com.trvl.RxWeather;
				PRODUCT_NAME = "$(TARGET_NAME)";
				SWIFT_VERSION = 4.2;
				TARGETED_DEVICE_FAMILY = "1,2";
			};
			name = Debug;
		};
		ADA22C4222D7C5D600179C1E /* Release */ = {
			isa = XCBuildConfiguration;
			baseConfigurationReference = 74B11699FF3002F6F42A48D0 /* Pods-RxWeather.release.xcconfig */;
			buildSettings = {
				ASSETCATALOG_COMPILER_APPICON_NAME = AppIcon;
				CODE_SIGN_STYLE = Automatic;
				DEVELOPMENT_TEAM = 6D9CKTK39V;
				INFOPLIST_FILE = "$(SRCROOT)/RxWeather/Supporting Files/Info.plist";
				LD_RUNPATH_SEARCH_PATHS = (
					"$(inherited)",
					"@executable_path/Frameworks",
				);
				PRODUCT_BUNDLE_IDENTIFIER = com.trvl.RxWeather;
				PRODUCT_NAME = "$(TARGET_NAME)";
				SWIFT_VERSION = 4.2;
				TARGETED_DEVICE_FAMILY = "1,2";
			};
			name = Release;
		};
/* End XCBuildConfiguration section */

/* Begin XCConfigurationList section */
		ADA22C2922D7C5D300179C1E /* Build configuration list for PBXProject "RxWeather" */ = {
			isa = XCConfigurationList;
			buildConfigurations = (
				ADA22C3E22D7C5D600179C1E /* Debug */,
				ADA22C3F22D7C5D600179C1E /* Release */,
			);
			defaultConfigurationIsVisible = 0;
			defaultConfigurationName = Release;
		};
		ADA22C4022D7C5D600179C1E /* Build configuration list for PBXNativeTarget "RxWeather" */ = {
			isa = XCConfigurationList;
			buildConfigurations = (
				ADA22C4122D7C5D600179C1E /* Debug */,
				ADA22C4222D7C5D600179C1E /* Release */,
			);
			defaultConfigurationIsVisible = 0;
			defaultConfigurationName = Release;
		};
/* End XCConfigurationList section */
	};
	rootObject = ADA22C2622D7C5D300179C1E /* Project object */;
}
